// !$*UTF8*$!
{
	archiveVersion = 1;
	classes = {
	};
	objectVersion = 50;
	objects = {

/* Begin PBXBuildFile section */
		45277FEED1F4CDE19F63D67E /* Pods_ios_sdk_placeline_onboardingTests.framework in Frameworks */ = {isa = PBXBuildFile; fileRef = AD1758486FCC4F173B1432B2 /* Pods_ios_sdk_placeline_onboardingTests.framework */; };
		B7A13A2620ADB4A0004D9AE7 /* AppDelegate.swift in Sources */ = {isa = PBXBuildFile; fileRef = B7A13A2520ADB4A0004D9AE7 /* AppDelegate.swift */; };
		B7A13A2820ADB4A0004D9AE7 /* ViewController.swift in Sources */ = {isa = PBXBuildFile; fileRef = B7A13A2720ADB4A0004D9AE7 /* ViewController.swift */; };
		B7A13A2B20ADB4A0004D9AE7 /* Main.storyboard in Resources */ = {isa = PBXBuildFile; fileRef = B7A13A2920ADB4A0004D9AE7 /* Main.storyboard */; };
		B7A13A2D20ADB4A2004D9AE7 /* Assets.xcassets in Resources */ = {isa = PBXBuildFile; fileRef = B7A13A2C20ADB4A2004D9AE7 /* Assets.xcassets */; };
		B7A13A3020ADB4A2004D9AE7 /* LaunchScreen.storyboard in Resources */ = {isa = PBXBuildFile; fileRef = B7A13A2E20ADB4A2004D9AE7 /* LaunchScreen.storyboard */; };
		B7A13A3B20ADB4A2004D9AE7 /* ios_sdk_placeline_onboardingTests.swift in Sources */ = {isa = PBXBuildFile; fileRef = B7A13A3A20ADB4A2004D9AE7 /* ios_sdk_placeline_onboardingTests.swift */; };
		B7A13A4620ADB4A2004D9AE7 /* ios_sdk_placeline_onboardingUITests.swift in Sources */ = {isa = PBXBuildFile; fileRef = B7A13A4520ADB4A2004D9AE7 /* ios_sdk_placeline_onboardingUITests.swift */; };
		C7B632E1611433411FF3C647 /* Pods_ios_sdk_placeline_onboarding.framework in Frameworks */ = {isa = PBXBuildFile; fileRef = 04169638A6380EE5FB3C7798 /* Pods_ios_sdk_placeline_onboarding.framework */; };
		C98381AE1316C929C5CC6526 /* Pods_ios_sdk_placeline_onboardingUITests.framework in Frameworks */ = {isa = PBXBuildFile; fileRef = DDCD2D0CC559AB3EF0DEAAA7 /* Pods_ios_sdk_placeline_onboardingUITests.framework */; };
/* End PBXBuildFile section */

/* Begin PBXContainerItemProxy section */
		B7A13A3720ADB4A2004D9AE7 /* PBXContainerItemProxy */ = {
			isa = PBXContainerItemProxy;
			containerPortal = B7A13A1A20ADB4A0004D9AE7 /* Project object */;
			proxyType = 1;
			remoteGlobalIDString = B7A13A2120ADB4A0004D9AE7;
			remoteInfo = "ios-sdk-placeline-onboarding";
		};
		B7A13A4220ADB4A2004D9AE7 /* PBXContainerItemProxy */ = {
			isa = PBXContainerItemProxy;
			containerPortal = B7A13A1A20ADB4A0004D9AE7 /* Project object */;
			proxyType = 1;
			remoteGlobalIDString = B7A13A2120ADB4A0004D9AE7;
			remoteInfo = "ios-sdk-placeline-onboarding";
		};
/* End PBXContainerItemProxy section */

/* Begin PBXFileReference section */
		04169638A6380EE5FB3C7798 /* Pods_ios_sdk_placeline_onboarding.framework */ = {isa = PBXFileReference; explicitFileType = wrapper.framework; includeInIndex = 0; path = Pods_ios_sdk_placeline_onboarding.framework; sourceTree = BUILT_PRODUCTS_DIR; };
		0A31FA4530EBF3521219DBA6 /* Pods-ios-sdk-placeline-onboardingUITests.release.xcconfig */ = {isa = PBXFileReference; includeInIndex = 1; lastKnownFileType = text.xcconfig; name = "Pods-ios-sdk-placeline-onboardingUITests.release.xcconfig"; path = "Pods/Target Support Files/Pods-ios-sdk-placeline-onboardingUITests/Pods-ios-sdk-placeline-onboardingUITests.release.xcconfig"; sourceTree = "<group>"; };
		1720E5FBA20A3F2FD0FC0AF0 /* Pods-ios-sdk-placeline-onboarding.release.xcconfig */ = {isa = PBXFileReference; includeInIndex = 1; lastKnownFileType = text.xcconfig; name = "Pods-ios-sdk-placeline-onboarding.release.xcconfig"; path = "Pods/Target Support Files/Pods-ios-sdk-placeline-onboarding/Pods-ios-sdk-placeline-onboarding.release.xcconfig"; sourceTree = "<group>"; };
		20BC511ED8F50B1C0F1162CE /* Pods-ios-sdk-placeline-onboarding.debug.xcconfig */ = {isa = PBXFileReference; includeInIndex = 1; lastKnownFileType = text.xcconfig; name = "Pods-ios-sdk-placeline-onboarding.debug.xcconfig"; path = "Pods/Target Support Files/Pods-ios-sdk-placeline-onboarding/Pods-ios-sdk-placeline-onboarding.debug.xcconfig"; sourceTree = "<group>"; };
		A14F2512C6F82DF0FD460FD2 /* Pods-ios-sdk-placeline-onboardingTests.debug.xcconfig */ = {isa = PBXFileReference; includeInIndex = 1; lastKnownFileType = text.xcconfig; name = "Pods-ios-sdk-placeline-onboardingTests.debug.xcconfig"; path = "Pods/Target Support Files/Pods-ios-sdk-placeline-onboardingTests/Pods-ios-sdk-placeline-onboardingTests.debug.xcconfig"; sourceTree = "<group>"; };
		A7D95173BFCA78AE0F0F8DDE /* Pods-ios-sdk-placeline-onboardingUITests.debug.xcconfig */ = {isa = PBXFileReference; includeInIndex = 1; lastKnownFileType = text.xcconfig; name = "Pods-ios-sdk-placeline-onboardingUITests.debug.xcconfig"; path = "Pods/Target Support Files/Pods-ios-sdk-placeline-onboardingUITests/Pods-ios-sdk-placeline-onboardingUITests.debug.xcconfig"; sourceTree = "<group>"; };
		AD1758486FCC4F173B1432B2 /* Pods_ios_sdk_placeline_onboardingTests.framework */ = {isa = PBXFileReference; explicitFileType = wrapper.framework; includeInIndex = 0; path = Pods_ios_sdk_placeline_onboardingTests.framework; sourceTree = BUILT_PRODUCTS_DIR; };
		B7A13A2220ADB4A0004D9AE7 /* ios-sdk-placeline-onboarding.app */ = {isa = PBXFileReference; explicitFileType = wrapper.application; includeInIndex = 0; path = "ios-sdk-placeline-onboarding.app"; sourceTree = BUILT_PRODUCTS_DIR; };
		B7A13A2520ADB4A0004D9AE7 /* AppDelegate.swift */ = {isa = PBXFileReference; lastKnownFileType = sourcecode.swift; path = AppDelegate.swift; sourceTree = "<group>"; };
		B7A13A2720ADB4A0004D9AE7 /* ViewController.swift */ = {isa = PBXFileReference; lastKnownFileType = sourcecode.swift; path = ViewController.swift; sourceTree = "<group>"; };
		B7A13A2A20ADB4A0004D9AE7 /* Base */ = {isa = PBXFileReference; lastKnownFileType = file.storyboard; name = Base; path = Base.lproj/Main.storyboard; sourceTree = "<group>"; };
		B7A13A2C20ADB4A2004D9AE7 /* Assets.xcassets */ = {isa = PBXFileReference; lastKnownFileType = folder.assetcatalog; path = Assets.xcassets; sourceTree = "<group>"; };
		B7A13A2F20ADB4A2004D9AE7 /* Base */ = {isa = PBXFileReference; lastKnownFileType = file.storyboard; name = Base; path = Base.lproj/LaunchScreen.storyboard; sourceTree = "<group>"; };
		B7A13A3120ADB4A2004D9AE7 /* Info.plist */ = {isa = PBXFileReference; lastKnownFileType = text.plist.xml; path = Info.plist; sourceTree = "<group>"; };
		B7A13A3620ADB4A2004D9AE7 /* ios-sdk-placeline-onboardingTests.xctest */ = {isa = PBXFileReference; explicitFileType = wrapper.cfbundle; includeInIndex = 0; path = "ios-sdk-placeline-onboardingTests.xctest"; sourceTree = BUILT_PRODUCTS_DIR; };
		B7A13A3A20ADB4A2004D9AE7 /* ios_sdk_placeline_onboardingTests.swift */ = {isa = PBXFileReference; lastKnownFileType = sourcecode.swift; path = ios_sdk_placeline_onboardingTests.swift; sourceTree = "<group>"; };
		B7A13A3C20ADB4A2004D9AE7 /* Info.plist */ = {isa = PBXFileReference; lastKnownFileType = text.plist.xml; path = Info.plist; sourceTree = "<group>"; };
		B7A13A4120ADB4A2004D9AE7 /* ios-sdk-placeline-onboardingUITests.xctest */ = {isa = PBXFileReference; explicitFileType = wrapper.cfbundle; includeInIndex = 0; path = "ios-sdk-placeline-onboardingUITests.xctest"; sourceTree = BUILT_PRODUCTS_DIR; };
		B7A13A4520ADB4A2004D9AE7 /* ios_sdk_placeline_onboardingUITests.swift */ = {isa = PBXFileReference; lastKnownFileType = sourcecode.swift; path = ios_sdk_placeline_onboardingUITests.swift; sourceTree = "<group>"; };
		B7A13A4720ADB4A2004D9AE7 /* Info.plist */ = {isa = PBXFileReference; lastKnownFileType = text.plist.xml; path = Info.plist; sourceTree = "<group>"; };
		B7D3A35320ADB612001D39C3 /* ios-sdk-placeline-onboarding.entitlements */ = {isa = PBXFileReference; lastKnownFileType = text.plist.entitlements; path = "ios-sdk-placeline-onboarding.entitlements"; sourceTree = "<group>"; };
		C7416804B43BB03E11FDE008 /* Pods-ios-sdk-placeline-onboardingTests.release.xcconfig */ = {isa = PBXFileReference; includeInIndex = 1; lastKnownFileType = text.xcconfig; name = "Pods-ios-sdk-placeline-onboardingTests.release.xcconfig"; path = "Pods/Target Support Files/Pods-ios-sdk-placeline-onboardingTests/Pods-ios-sdk-placeline-onboardingTests.release.xcconfig"; sourceTree = "<group>"; };
		DDCD2D0CC559AB3EF0DEAAA7 /* Pods_ios_sdk_placeline_onboardingUITests.framework */ = {isa = PBXFileReference; explicitFileType = wrapper.framework; includeInIndex = 0; path = Pods_ios_sdk_placeline_onboardingUITests.framework; sourceTree = BUILT_PRODUCTS_DIR; };
/* End PBXFileReference section */

/* Begin PBXFrameworksBuildPhase section */
		B7A13A1F20ADB4A0004D9AE7 /* Frameworks */ = {
			isa = PBXFrameworksBuildPhase;
			buildActionMask = 2147483647;
			files = (
				C7B632E1611433411FF3C647 /* Pods_ios_sdk_placeline_onboarding.framework in Frameworks */,
			);
			runOnlyForDeploymentPostprocessing = 0;
		};
		B7A13A3320ADB4A2004D9AE7 /* Frameworks */ = {
			isa = PBXFrameworksBuildPhase;
			buildActionMask = 2147483647;
			files = (
				45277FEED1F4CDE19F63D67E /* Pods_ios_sdk_placeline_onboardingTests.framework in Frameworks */,
			);
			runOnlyForDeploymentPostprocessing = 0;
		};
		B7A13A3E20ADB4A2004D9AE7 /* Frameworks */ = {
			isa = PBXFrameworksBuildPhase;
			buildActionMask = 2147483647;
			files = (
				C98381AE1316C929C5CC6526 /* Pods_ios_sdk_placeline_onboardingUITests.framework in Frameworks */,
			);
			runOnlyForDeploymentPostprocessing = 0;
		};
/* End PBXFrameworksBuildPhase section */

/* Begin PBXGroup section */
		06B7A116A2027B0AB2189B9F /* Frameworks */ = {
			isa = PBXGroup;
			children = (
				04169638A6380EE5FB3C7798 /* Pods_ios_sdk_placeline_onboarding.framework */,
				AD1758486FCC4F173B1432B2 /* Pods_ios_sdk_placeline_onboardingTests.framework */,
				DDCD2D0CC559AB3EF0DEAAA7 /* Pods_ios_sdk_placeline_onboardingUITests.framework */,
			);
			name = Frameworks;
			sourceTree = "<group>";
		};
		B7A13A1920ADB4A0004D9AE7 = {
			isa = PBXGroup;
			children = (
				B7A13A2420ADB4A0004D9AE7 /* ios-sdk-placeline-onboarding */,
				B7A13A3920ADB4A2004D9AE7 /* ios-sdk-placeline-onboardingTests */,
				B7A13A4420ADB4A2004D9AE7 /* ios-sdk-placeline-onboardingUITests */,
				B7A13A2320ADB4A0004D9AE7 /* Products */,
				F85F3853CF4B31F673D2DDF9 /* Pods */,
				06B7A116A2027B0AB2189B9F /* Frameworks */,
			);
			sourceTree = "<group>";
		};
		B7A13A2320ADB4A0004D9AE7 /* Products */ = {
			isa = PBXGroup;
			children = (
				B7A13A2220ADB4A0004D9AE7 /* ios-sdk-placeline-onboarding.app */,
				B7A13A3620ADB4A2004D9AE7 /* ios-sdk-placeline-onboardingTests.xctest */,
				B7A13A4120ADB4A2004D9AE7 /* ios-sdk-placeline-onboardingUITests.xctest */,
			);
			name = Products;
			sourceTree = "<group>";
		};
		B7A13A2420ADB4A0004D9AE7 /* ios-sdk-placeline-onboarding */ = {
			isa = PBXGroup;
			children = (
				B7D3A35320ADB612001D39C3 /* ios-sdk-placeline-onboarding.entitlements */,
				B7A13A2520ADB4A0004D9AE7 /* AppDelegate.swift */,
				B7A13A2720ADB4A0004D9AE7 /* ViewController.swift */,
				B7A13A2920ADB4A0004D9AE7 /* Main.storyboard */,
				B7A13A2C20ADB4A2004D9AE7 /* Assets.xcassets */,
				B7A13A2E20ADB4A2004D9AE7 /* LaunchScreen.storyboard */,
				B7A13A3120ADB4A2004D9AE7 /* Info.plist */,
			);
			path = "ios-sdk-placeline-onboarding";
			sourceTree = "<group>";
		};
		B7A13A3920ADB4A2004D9AE7 /* ios-sdk-placeline-onboardingTests */ = {
			isa = PBXGroup;
			children = (
				B7A13A3A20ADB4A2004D9AE7 /* ios_sdk_placeline_onboardingTests.swift */,
				B7A13A3C20ADB4A2004D9AE7 /* Info.plist */,
			);
			path = "ios-sdk-placeline-onboardingTests";
			sourceTree = "<group>";
		};
		B7A13A4420ADB4A2004D9AE7 /* ios-sdk-placeline-onboardingUITests */ = {
			isa = PBXGroup;
			children = (
				B7A13A4520ADB4A2004D9AE7 /* ios_sdk_placeline_onboardingUITests.swift */,
				B7A13A4720ADB4A2004D9AE7 /* Info.plist */,
			);
			path = "ios-sdk-placeline-onboardingUITests";
			sourceTree = "<group>";
		};
		F85F3853CF4B31F673D2DDF9 /* Pods */ = {
			isa = PBXGroup;
			children = (
				20BC511ED8F50B1C0F1162CE /* Pods-ios-sdk-placeline-onboarding.debug.xcconfig */,
				1720E5FBA20A3F2FD0FC0AF0 /* Pods-ios-sdk-placeline-onboarding.release.xcconfig */,
				A14F2512C6F82DF0FD460FD2 /* Pods-ios-sdk-placeline-onboardingTests.debug.xcconfig */,
				C7416804B43BB03E11FDE008 /* Pods-ios-sdk-placeline-onboardingTests.release.xcconfig */,
				A7D95173BFCA78AE0F0F8DDE /* Pods-ios-sdk-placeline-onboardingUITests.debug.xcconfig */,
				0A31FA4530EBF3521219DBA6 /* Pods-ios-sdk-placeline-onboardingUITests.release.xcconfig */,
			);
			name = Pods;
			sourceTree = "<group>";
		};
/* End PBXGroup section */

/* Begin PBXNativeTarget section */
		B7A13A2120ADB4A0004D9AE7 /* ios-sdk-placeline-onboarding */ = {
			isa = PBXNativeTarget;
			buildConfigurationList = B7A13A4A20ADB4A2004D9AE7 /* Build configuration list for PBXNativeTarget "ios-sdk-placeline-onboarding" */;
			buildPhases = (
				77E944F17F63DE2C2E6FB8D6 /* [CP] Check Pods Manifest.lock */,
				B7A13A1E20ADB4A0004D9AE7 /* Sources */,
				B7A13A1F20ADB4A0004D9AE7 /* Frameworks */,
				B7A13A2020ADB4A0004D9AE7 /* Resources */,
				4EDB3E4834C2B5027E786D17 /* [CP] Embed Pods Frameworks */,
			);
			buildRules = (
			);
			dependencies = (
			);
			name = "ios-sdk-placeline-onboarding";
			productName = "ios-sdk-placeline-onboarding";
			productReference = B7A13A2220ADB4A0004D9AE7 /* ios-sdk-placeline-onboarding.app */;
			productType = "com.apple.product-type.application";
		};
		B7A13A3520ADB4A2004D9AE7 /* ios-sdk-placeline-onboardingTests */ = {
			isa = PBXNativeTarget;
			buildConfigurationList = B7A13A4D20ADB4A2004D9AE7 /* Build configuration list for PBXNativeTarget "ios-sdk-placeline-onboardingTests" */;
			buildPhases = (
				3C346E675AB92F379FE66458 /* [CP] Check Pods Manifest.lock */,
				B7A13A3220ADB4A2004D9AE7 /* Sources */,
				B7A13A3320ADB4A2004D9AE7 /* Frameworks */,
				B7A13A3420ADB4A2004D9AE7 /* Resources */,
			);
			buildRules = (
			);
			dependencies = (
				B7A13A3820ADB4A2004D9AE7 /* PBXTargetDependency */,
			);
			name = "ios-sdk-placeline-onboardingTests";
			productName = "ios-sdk-placeline-onboardingTests";
			productReference = B7A13A3620ADB4A2004D9AE7 /* ios-sdk-placeline-onboardingTests.xctest */;
			productType = "com.apple.product-type.bundle.unit-test";
		};
		B7A13A4020ADB4A2004D9AE7 /* ios-sdk-placeline-onboardingUITests */ = {
			isa = PBXNativeTarget;
			buildConfigurationList = B7A13A5020ADB4A2004D9AE7 /* Build configuration list for PBXNativeTarget "ios-sdk-placeline-onboardingUITests" */;
			buildPhases = (
				1C7F1DF5EC10BAD66B382CC6 /* [CP] Check Pods Manifest.lock */,
				B7A13A3D20ADB4A2004D9AE7 /* Sources */,
				B7A13A3E20ADB4A2004D9AE7 /* Frameworks */,
				B7A13A3F20ADB4A2004D9AE7 /* Resources */,
			);
			buildRules = (
			);
			dependencies = (
				B7A13A4320ADB4A2004D9AE7 /* PBXTargetDependency */,
			);
			name = "ios-sdk-placeline-onboardingUITests";
			productName = "ios-sdk-placeline-onboardingUITests";
			productReference = B7A13A4120ADB4A2004D9AE7 /* ios-sdk-placeline-onboardingUITests.xctest */;
			productType = "com.apple.product-type.bundle.ui-testing";
		};
/* End PBXNativeTarget section */

/* Begin PBXProject section */
		B7A13A1A20ADB4A0004D9AE7 /* Project object */ = {
			isa = PBXProject;
			attributes = {
				LastSwiftUpdateCheck = 0930;
				LastUpgradeCheck = 0930;
				ORGANIZATIONNAME = www.hypertrack.com;
				TargetAttributes = {
					B7A13A2120ADB4A0004D9AE7 = {
						CreatedOnToolsVersion = 9.3;
						SystemCapabilities = {
							com.apple.BackgroundModes = {
								enabled = 1;
							};
							com.apple.Push = {
								enabled = 1;
							};
						};
					};
					B7A13A3520ADB4A2004D9AE7 = {
						CreatedOnToolsVersion = 9.3;
						TestTargetID = B7A13A2120ADB4A0004D9AE7;
					};
					B7A13A4020ADB4A2004D9AE7 = {
						CreatedOnToolsVersion = 9.3;
						TestTargetID = B7A13A2120ADB4A0004D9AE7;
					};
				};
			};
			buildConfigurationList = B7A13A1D20ADB4A0004D9AE7 /* Build configuration list for PBXProject "ios-sdk-placeline-onboarding" */;
			compatibilityVersion = "Xcode 9.3";
			developmentRegion = en;
			hasScannedForEncodings = 0;
			knownRegions = (
				en,
				Base,
			);
			mainGroup = B7A13A1920ADB4A0004D9AE7;
			productRefGroup = B7A13A2320ADB4A0004D9AE7 /* Products */;
			projectDirPath = "";
			projectRoot = "";
			targets = (
				B7A13A2120ADB4A0004D9AE7 /* ios-sdk-placeline-onboarding */,
				B7A13A3520ADB4A2004D9AE7 /* ios-sdk-placeline-onboardingTests */,
				B7A13A4020ADB4A2004D9AE7 /* ios-sdk-placeline-onboardingUITests */,
			);
		};
/* End PBXProject section */

/* Begin PBXResourcesBuildPhase section */
		B7A13A2020ADB4A0004D9AE7 /* Resources */ = {
			isa = PBXResourcesBuildPhase;
			buildActionMask = 2147483647;
			files = (
				B7A13A3020ADB4A2004D9AE7 /* LaunchScreen.storyboard in Resources */,
				B7A13A2D20ADB4A2004D9AE7 /* Assets.xcassets in Resources */,
				B7A13A2B20ADB4A0004D9AE7 /* Main.storyboard in Resources */,
			);
			runOnlyForDeploymentPostprocessing = 0;
		};
		B7A13A3420ADB4A2004D9AE7 /* Resources */ = {
			isa = PBXResourcesBuildPhase;
			buildActionMask = 2147483647;
			files = (
			);
			runOnlyForDeploymentPostprocessing = 0;
		};
		B7A13A3F20ADB4A2004D9AE7 /* Resources */ = {
			isa = PBXResourcesBuildPhase;
			buildActionMask = 2147483647;
			files = (
			);
			runOnlyForDeploymentPostprocessing = 0;
		};
/* End PBXResourcesBuildPhase section */

/* Begin PBXShellScriptBuildPhase section */
		1C7F1DF5EC10BAD66B382CC6 /* [CP] Check Pods Manifest.lock */ = {
			isa = PBXShellScriptBuildPhase;
			buildActionMask = 2147483647;
			files = (
			);
			inputPaths = (
				"${PODS_PODFILE_DIR_PATH}/Podfile.lock",
				"${PODS_ROOT}/Manifest.lock",
			);
			name = "[CP] Check Pods Manifest.lock";
			outputPaths = (
				"$(DERIVED_FILE_DIR)/Pods-ios-sdk-placeline-onboardingUITests-checkManifestLockResult.txt",
			);
			runOnlyForDeploymentPostprocessing = 0;
			shellPath = /bin/sh;
			shellScript = "diff \"${PODS_PODFILE_DIR_PATH}/Podfile.lock\" \"${PODS_ROOT}/Manifest.lock\" > /dev/null\nif [ $? != 0 ] ; then\n    # print error to STDERR\n    echo \"error: The sandbox is not in sync with the Podfile.lock. Run 'pod install' or update your CocoaPods installation.\" >&2\n    exit 1\nfi\n# This output is used by Xcode 'outputs' to avoid re-running this script phase.\necho \"SUCCESS\" > \"${SCRIPT_OUTPUT_FILE_0}\"\n";
			showEnvVarsInLog = 0;
		};
		3C346E675AB92F379FE66458 /* [CP] Check Pods Manifest.lock */ = {
			isa = PBXShellScriptBuildPhase;
			buildActionMask = 2147483647;
			files = (
			);
			inputPaths = (
				"${PODS_PODFILE_DIR_PATH}/Podfile.lock",
				"${PODS_ROOT}/Manifest.lock",
			);
			name = "[CP] Check Pods Manifest.lock";
			outputPaths = (
				"$(DERIVED_FILE_DIR)/Pods-ios-sdk-placeline-onboardingTests-checkManifestLockResult.txt",
			);
			runOnlyForDeploymentPostprocessing = 0;
			shellPath = /bin/sh;
			shellScript = "diff \"${PODS_PODFILE_DIR_PATH}/Podfile.lock\" \"${PODS_ROOT}/Manifest.lock\" > /dev/null\nif [ $? != 0 ] ; then\n    # print error to STDERR\n    echo \"error: The sandbox is not in sync with the Podfile.lock. Run 'pod install' or update your CocoaPods installation.\" >&2\n    exit 1\nfi\n# This output is used by Xcode 'outputs' to avoid re-running this script phase.\necho \"SUCCESS\" > \"${SCRIPT_OUTPUT_FILE_0}\"\n";
			showEnvVarsInLog = 0;
		};
		4EDB3E4834C2B5027E786D17 /* [CP] Embed Pods Frameworks */ = {
			isa = PBXShellScriptBuildPhase;
			buildActionMask = 2147483647;
			files = (
			);
			inputPaths = (
				"${SRCROOT}/Pods/Target Support Files/Pods-ios-sdk-placeline-onboarding/Pods-ios-sdk-placeline-onboarding-frameworks.sh",
				"${BUILT_PRODUCTS_DIR}/Alamofire/Alamofire.framework",
				"${BUILT_PRODUCTS_DIR}/CocoaLumberjack/CocoaLumberjack.framework",
				"${BUILT_PRODUCTS_DIR}/GzipSwift/Gzip.framework",
				"${BUILT_PRODUCTS_DIR}/HyperTrack/HyperTrack.framework",
				"${BUILT_PRODUCTS_DIR}/SQLite.swift/SQLite.framework",
			);
			name = "[CP] Embed Pods Frameworks";
			outputPaths = (
				"${TARGET_BUILD_DIR}/${FRAMEWORKS_FOLDER_PATH}/Alamofire.framework",
				"${TARGET_BUILD_DIR}/${FRAMEWORKS_FOLDER_PATH}/CocoaLumberjack.framework",
				"${TARGET_BUILD_DIR}/${FRAMEWORKS_FOLDER_PATH}/Gzip.framework",
				"${TARGET_BUILD_DIR}/${FRAMEWORKS_FOLDER_PATH}/HyperTrack.framework",
				"${TARGET_BUILD_DIR}/${FRAMEWORKS_FOLDER_PATH}/SQLite.framework",
			);
			runOnlyForDeploymentPostprocessing = 0;
			shellPath = /bin/sh;
			shellScript = "\"${SRCROOT}/Pods/Target Support Files/Pods-ios-sdk-placeline-onboarding/Pods-ios-sdk-placeline-onboarding-frameworks.sh\"\n";
			showEnvVarsInLog = 0;
		};
		77E944F17F63DE2C2E6FB8D6 /* [CP] Check Pods Manifest.lock */ = {
			isa = PBXShellScriptBuildPhase;
			buildActionMask = 2147483647;
			files = (
			);
			inputPaths = (
				"${PODS_PODFILE_DIR_PATH}/Podfile.lock",
				"${PODS_ROOT}/Manifest.lock",
			);
			name = "[CP] Check Pods Manifest.lock";
			outputPaths = (
				"$(DERIVED_FILE_DIR)/Pods-ios-sdk-placeline-onboarding-checkManifestLockResult.txt",
			);
			runOnlyForDeploymentPostprocessing = 0;
			shellPath = /bin/sh;
			shellScript = "diff \"${PODS_PODFILE_DIR_PATH}/Podfile.lock\" \"${PODS_ROOT}/Manifest.lock\" > /dev/null\nif [ $? != 0 ] ; then\n    # print error to STDERR\n    echo \"error: The sandbox is not in sync with the Podfile.lock. Run 'pod install' or update your CocoaPods installation.\" >&2\n    exit 1\nfi\n# This output is used by Xcode 'outputs' to avoid re-running this script phase.\necho \"SUCCESS\" > \"${SCRIPT_OUTPUT_FILE_0}\"\n";
			showEnvVarsInLog = 0;
		};
/* End PBXShellScriptBuildPhase section */

/* Begin PBXSourcesBuildPhase section */
		B7A13A1E20ADB4A0004D9AE7 /* Sources */ = {
			isa = PBXSourcesBuildPhase;
			buildActionMask = 2147483647;
			files = (
				B7A13A2820ADB4A0004D9AE7 /* ViewController.swift in Sources */,
				B7A13A2620ADB4A0004D9AE7 /* AppDelegate.swift in Sources */,
			);
			runOnlyForDeploymentPostprocessing = 0;
		};
		B7A13A3220ADB4A2004D9AE7 /* Sources */ = {
			isa = PBXSourcesBuildPhase;
			buildActionMask = 2147483647;
			files = (
				B7A13A3B20ADB4A2004D9AE7 /* ios_sdk_placeline_onboardingTests.swift in Sources */,
			);
			runOnlyForDeploymentPostprocessing = 0;
		};
		B7A13A3D20ADB4A2004D9AE7 /* Sources */ = {
			isa = PBXSourcesBuildPhase;
			buildActionMask = 2147483647;
			files = (
				B7A13A4620ADB4A2004D9AE7 /* ios_sdk_placeline_onboardingUITests.swift in Sources */,
			);
			runOnlyForDeploymentPostprocessing = 0;
		};
/* End PBXSourcesBuildPhase section */

/* Begin PBXTargetDependency section */
		B7A13A3820ADB4A2004D9AE7 /* PBXTargetDependency */ = {
			isa = PBXTargetDependency;
			target = B7A13A2120ADB4A0004D9AE7 /* ios-sdk-placeline-onboarding */;
			targetProxy = B7A13A3720ADB4A2004D9AE7 /* PBXContainerItemProxy */;
		};
		B7A13A4320ADB4A2004D9AE7 /* PBXTargetDependency */ = {
			isa = PBXTargetDependency;
			target = B7A13A2120ADB4A0004D9AE7 /* ios-sdk-placeline-onboarding */;
			targetProxy = B7A13A4220ADB4A2004D9AE7 /* PBXContainerItemProxy */;
		};
/* End PBXTargetDependency section */

/* Begin PBXVariantGroup section */
		B7A13A2920ADB4A0004D9AE7 /* Main.storyboard */ = {
			isa = PBXVariantGroup;
			children = (
				B7A13A2A20ADB4A0004D9AE7 /* Base */,
			);
			name = Main.storyboard;
			sourceTree = "<group>";
		};
		B7A13A2E20ADB4A2004D9AE7 /* LaunchScreen.storyboard */ = {
			isa = PBXVariantGroup;
			children = (
				B7A13A2F20ADB4A2004D9AE7 /* Base */,
			);
			name = LaunchScreen.storyboard;
			sourceTree = "<group>";
		};
/* End PBXVariantGroup section */

/* Begin XCBuildConfiguration section */
		B7A13A4820ADB4A2004D9AE7 /* Debug */ = {
			isa = XCBuildConfiguration;
			buildSettings = {
				ALWAYS_SEARCH_USER_PATHS = NO;
				CLANG_ANALYZER_NONNULL = YES;
				CLANG_ANALYZER_NUMBER_OBJECT_CONVERSION = YES_AGGRESSIVE;
				CLANG_CXX_LANGUAGE_STANDARD = "gnu++14";
				CLANG_CXX_LIBRARY = "libc++";
				CLANG_ENABLE_MODULES = YES;
				CLANG_ENABLE_OBJC_ARC = YES;
				CLANG_ENABLE_OBJC_WEAK = YES;
				CLANG_WARN_BLOCK_CAPTURE_AUTORELEASING = YES;
				CLANG_WARN_BOOL_CONVERSION = YES;
				CLANG_WARN_COMMA = YES;
				CLANG_WARN_CONSTANT_CONVERSION = YES;
				CLANG_WARN_DEPRECATED_OBJC_IMPLEMENTATIONS = YES;
				CLANG_WARN_DIRECT_OBJC_ISA_USAGE = YES_ERROR;
				CLANG_WARN_DOCUMENTATION_COMMENTS = YES;
				CLANG_WARN_EMPTY_BODY = YES;
				CLANG_WARN_ENUM_CONVERSION = YES;
				CLANG_WARN_INFINITE_RECURSION = YES;
				CLANG_WARN_INT_CONVERSION = YES;
				CLANG_WARN_NON_LITERAL_NULL_CONVERSION = YES;
				CLANG_WARN_OBJC_IMPLICIT_RETAIN_SELF = YES;
				CLANG_WARN_OBJC_LITERAL_CONVERSION = YES;
				CLANG_WARN_OBJC_ROOT_CLASS = YES_ERROR;
				CLANG_WARN_RANGE_LOOP_ANALYSIS = YES;
				CLANG_WARN_STRICT_PROTOTYPES = YES;
				CLANG_WARN_SUSPICIOUS_MOVE = YES;
				CLANG_WARN_UNGUARDED_AVAILABILITY = YES_AGGRESSIVE;
				CLANG_WARN_UNREACHABLE_CODE = YES;
				CLANG_WARN__DUPLICATE_METHOD_MATCH = YES;
				CODE_SIGN_IDENTITY = "iPhone Developer";
				COPY_PHASE_STRIP = NO;
				DEBUG_INFORMATION_FORMAT = dwarf;
				ENABLE_STRICT_OBJC_MSGSEND = YES;
				ENABLE_TESTABILITY = YES;
				GCC_C_LANGUAGE_STANDARD = gnu11;
				GCC_DYNAMIC_NO_PIC = NO;
				GCC_NO_COMMON_BLOCKS = YES;
				GCC_OPTIMIZATION_LEVEL = 0;
				GCC_PREPROCESSOR_DEFINITIONS = (
					"DEBUG=1",
					"$(inherited)",
				);
				GCC_WARN_64_TO_32_BIT_CONVERSION = YES;
				GCC_WARN_ABOUT_RETURN_TYPE = YES_ERROR;
				GCC_WARN_UNDECLARED_SELECTOR = YES;
				GCC_WARN_UNINITIALIZED_AUTOS = YES_AGGRESSIVE;
				GCC_WARN_UNUSED_FUNCTION = YES;
				GCC_WARN_UNUSED_VARIABLE = YES;
				IPHONEOS_DEPLOYMENT_TARGET = 10.0;
				MTL_ENABLE_DEBUG_INFO = YES;
				ONLY_ACTIVE_ARCH = YES;
				SDKROOT = iphoneos;
				SWIFT_ACTIVE_COMPILATION_CONDITIONS = DEBUG;
				SWIFT_OPTIMIZATION_LEVEL = "-Onone";
			};
			name = Debug;
		};
		B7A13A4920ADB4A2004D9AE7 /* Release */ = {
			isa = XCBuildConfiguration;
			buildSettings = {
				ALWAYS_SEARCH_USER_PATHS = NO;
				CLANG_ANALYZER_NONNULL = YES;
				CLANG_ANALYZER_NUMBER_OBJECT_CONVERSION = YES_AGGRESSIVE;
				CLANG_CXX_LANGUAGE_STANDARD = "gnu++14";
				CLANG_CXX_LIBRARY = "libc++";
				CLANG_ENABLE_MODULES = YES;
				CLANG_ENABLE_OBJC_ARC = YES;
				CLANG_ENABLE_OBJC_WEAK = YES;
				CLANG_WARN_BLOCK_CAPTURE_AUTORELEASING = YES;
				CLANG_WARN_BOOL_CONVERSION = YES;
				CLANG_WARN_COMMA = YES;
				CLANG_WARN_CONSTANT_CONVERSION = YES;
				CLANG_WARN_DEPRECATED_OBJC_IMPLEMENTATIONS = YES;
				CLANG_WARN_DIRECT_OBJC_ISA_USAGE = YES_ERROR;
				CLANG_WARN_DOCUMENTATION_COMMENTS = YES;
				CLANG_WARN_EMPTY_BODY = YES;
				CLANG_WARN_ENUM_CONVERSION = YES;
				CLANG_WARN_INFINITE_RECURSION = YES;
				CLANG_WARN_INT_CONVERSION = YES;
				CLANG_WARN_NON_LITERAL_NULL_CONVERSION = YES;
				CLANG_WARN_OBJC_IMPLICIT_RETAIN_SELF = YES;
				CLANG_WARN_OBJC_LITERAL_CONVERSION = YES;
				CLANG_WARN_OBJC_ROOT_CLASS = YES_ERROR;
				CLANG_WARN_RANGE_LOOP_ANALYSIS = YES;
				CLANG_WARN_STRICT_PROTOTYPES = YES;
				CLANG_WARN_SUSPICIOUS_MOVE = YES;
				CLANG_WARN_UNGUARDED_AVAILABILITY = YES_AGGRESSIVE;
				CLANG_WARN_UNREACHABLE_CODE = YES;
				CLANG_WARN__DUPLICATE_METHOD_MATCH = YES;
				CODE_SIGN_IDENTITY = "iPhone Developer";
				COPY_PHASE_STRIP = NO;
				DEBUG_INFORMATION_FORMAT = "dwarf-with-dsym";
				ENABLE_NS_ASSERTIONS = NO;
				ENABLE_STRICT_OBJC_MSGSEND = YES;
				GCC_C_LANGUAGE_STANDARD = gnu11;
				GCC_NO_COMMON_BLOCKS = YES;
				GCC_WARN_64_TO_32_BIT_CONVERSION = YES;
				GCC_WARN_ABOUT_RETURN_TYPE = YES_ERROR;
				GCC_WARN_UNDECLARED_SELECTOR = YES;
				GCC_WARN_UNINITIALIZED_AUTOS = YES_AGGRESSIVE;
				GCC_WARN_UNUSED_FUNCTION = YES;
				GCC_WARN_UNUSED_VARIABLE = YES;
				IPHONEOS_DEPLOYMENT_TARGET = 10.0;
				MTL_ENABLE_DEBUG_INFO = NO;
				SDKROOT = iphoneos;
				SWIFT_COMPILATION_MODE = wholemodule;
				SWIFT_OPTIMIZATION_LEVEL = "-O";
				VALIDATE_PRODUCT = YES;
			};
			name = Release;
		};
		B7A13A4B20ADB4A2004D9AE7 /* Debug */ = {
			isa = XCBuildConfiguration;
			baseConfigurationReference = 20BC511ED8F50B1C0F1162CE /* Pods-ios-sdk-placeline-onboarding.debug.xcconfig */;
			buildSettings = {
				ASSETCATALOG_COMPILER_APPICON_NAME = AppIcon;
				CODE_SIGN_ENTITLEMENTS = "ios-sdk-placeline-onboarding/ios-sdk-placeline-onboarding.entitlements";
				CODE_SIGN_STYLE = Automatic;
				DEVELOPMENT_TEAM = SG974AQ545;
				INFOPLIST_FILE = "ios-sdk-placeline-onboarding/Info.plist";
				IPHONEOS_DEPLOYMENT_TARGET = 10.0;
				LD_RUNPATH_SEARCH_PATHS = (
					"$(inherited)",
					"@executable_path/Frameworks",
				);
				PRODUCT_BUNDLE_IDENTIFIER = "org.ernie.ios-sdk-placeline-onboarding";
				PRODUCT_NAME = "$(TARGET_NAME)";
				SWIFT_VERSION = 4.0;
				TARGETED_DEVICE_FAMILY = "1,2";
			};
			name = Debug;
		};
		B7A13A4C20ADB4A2004D9AE7 /* Release */ = {
			isa = XCBuildConfiguration;
			baseConfigurationReference = 1720E5FBA20A3F2FD0FC0AF0 /* Pods-ios-sdk-placeline-onboarding.release.xcconfig */;
			buildSettings = {
				ASSETCATALOG_COMPILER_APPICON_NAME = AppIcon;
				CODE_SIGN_ENTITLEMENTS = "ios-sdk-placeline-onboarding/ios-sdk-placeline-onboarding.entitlements";
				CODE_SIGN_STYLE = Automatic;
				DEVELOPMENT_TEAM = SG974AQ545;
				INFOPLIST_FILE = "ios-sdk-placeline-onboarding/Info.plist";
				IPHONEOS_DEPLOYMENT_TARGET = 10.0;
				LD_RUNPATH_SEARCH_PATHS = (
					"$(inherited)",
					"@executable_path/Frameworks",
				);
				PRODUCT_BUNDLE_IDENTIFIER = "org.ernie.ios-sdk-placeline-onboarding";
				PRODUCT_NAME = "$(TARGET_NAME)";
				SWIFT_VERSION = 4.0;
				TARGETED_DEVICE_FAMILY = "1,2";
			};
			name = Release;
		};
		B7A13A4E20ADB4A2004D9AE7 /* Debug */ = {
			isa = XCBuildConfiguration;
			baseConfigurationReference = A14F2512C6F82DF0FD460FD2 /* Pods-ios-sdk-placeline-onboardingTests.debug.xcconfig */;
			buildSettings = {
				ALWAYS_EMBED_SWIFT_STANDARD_LIBRARIES = YES;
				BUNDLE_LOADER = "$(TEST_HOST)";
				CODE_SIGN_STYLE = Automatic;
				DEVELOPMENT_TEAM = H4925W78YQ;
				INFOPLIST_FILE = "ios-sdk-placeline-onboardingTests/Info.plist";
				LD_RUNPATH_SEARCH_PATHS = (
					"$(inherited)",
					"@executable_path/Frameworks",
					"@loader_path/Frameworks",
				);
				PRODUCT_BUNDLE_IDENTIFIER = "hyperTrack.ios-sdk-placeline-onboardingTests";
				PRODUCT_NAME = "$(TARGET_NAME)";
				SWIFT_VERSION = 4.0;
				TARGETED_DEVICE_FAMILY = "1,2";
				TEST_HOST = "$(BUILT_PRODUCTS_DIR)/ios-sdk-placeline-onboarding.app/ios-sdk-placeline-onboarding";
			};
			name = Debug;
		};
		B7A13A4F20ADB4A2004D9AE7 /* Release */ = {
			isa = XCBuildConfiguration;
			baseConfigurationReference = C7416804B43BB03E11FDE008 /* Pods-ios-sdk-placeline-onboardingTests.release.xcconfig */;
			buildSettings = {
				ALWAYS_EMBED_SWIFT_STANDARD_LIBRARIES = YES;
				BUNDLE_LOADER = "$(TEST_HOST)";
				CODE_SIGN_STYLE = Automatic;
				DEVELOPMENT_TEAM = H4925W78YQ;
				INFOPLIST_FILE = "ios-sdk-placeline-onboardingTests/Info.plist";
				LD_RUNPATH_SEARCH_PATHS = (
					"$(inherited)",
					"@executable_path/Frameworks",
					"@loader_path/Frameworks",
				);
				PRODUCT_BUNDLE_IDENTIFIER = "hyperTrack.ios-sdk-placeline-onboardingTests";
				PRODUCT_NAME = "$(TARGET_NAME)";
				SWIFT_VERSION = 4.0;
				TARGETED_DEVICE_FAMILY = "1,2";
				TEST_HOST = "$(BUILT_PRODUCTS_DIR)/ios-sdk-placeline-onboarding.app/ios-sdk-placeline-onboarding";
			};
			name = Release;
		};
		B7A13A5120ADB4A2004D9AE7 /* Debug */ = {
			isa = XCBuildConfiguration;
			baseConfigurationReference = A7D95173BFCA78AE0F0F8DDE /* Pods-ios-sdk-placeline-onboardingUITests.debug.xcconfig */;
			buildSettings = {
				ALWAYS_EMBED_SWIFT_STANDARD_LIBRARIES = YES;
				CODE_SIGN_STYLE = Automatic;
				DEVELOPMENT_TEAM = H4925W78YQ;
				INFOPLIST_FILE = "ios-sdk-placeline-onboardingUITests/Info.plist";
				LD_RUNPATH_SEARCH_PATHS = (
					"$(inherited)",
					"@executable_path/Frameworks",
					"@loader_path/Frameworks",
				);
				PRODUCT_BUNDLE_IDENTIFIER = "hyperTrack.ios-sdk-placeline-onboardingUITests";
				PRODUCT_NAME = "$(TARGET_NAME)";
				SWIFT_VERSION = 4.0;
				TARGETED_DEVICE_FAMILY = "1,2";
				TEST_TARGET_NAME = "ios-sdk-placeline-onboarding";
			};
			name = Debug;
		};
		B7A13A5220ADB4A2004D9AE7 /* Release */ = {
			isa = XCBuildConfiguration;
			baseConfigurationReference = 0A31FA4530EBF3521219DBA6 /* Pods-ios-sdk-placeline-onboardingUITests.release.xcconfig */;
			buildSettings = {
				ALWAYS_EMBED_SWIFT_STANDARD_LIBRARIES = YES;
				CODE_SIGN_STYLE = Automatic;
				DEVELOPMENT_TEAM = H4925W78YQ;
				INFOPLIST_FILE = "ios-sdk-placeline-onboardingUITests/Info.plist";
				LD_RUNPATH_SEARCH_PATHS = (
					"$(inherited)",
					"@executable_path/Frameworks",
					"@loader_path/Frameworks",
				);
				PRODUCT_BUNDLE_IDENTIFIER = "hyperTrack.ios-sdk-placeline-onboardingUITests";
				PRODUCT_NAME = "$(TARGET_NAME)";
				SWIFT_VERSION = 4.0;
				TARGETED_DEVICE_FAMILY = "1,2";
				TEST_TARGET_NAME = "ios-sdk-placeline-onboarding";
			};
			name = Release;
		};
/* End XCBuildConfiguration section */

/* Begin XCConfigurationList section */
		B7A13A1D20ADB4A0004D9AE7 /* Build configuration list for PBXProject "ios-sdk-placeline-onboarding" */ = {
			isa = XCConfigurationList;
			buildConfigurations = (
				B7A13A4820ADB4A2004D9AE7 /* Debug */,
				B7A13A4920ADB4A2004D9AE7 /* Release */,
			);
			defaultConfigurationIsVisible = 0;
			defaultConfigurationName = Release;
		};
		B7A13A4A20ADB4A2004D9AE7 /* Build configuration list for PBXNativeTarget "ios-sdk-placeline-onboarding" */ = {
			isa = XCConfigurationList;
			buildConfigurations = (
				B7A13A4B20ADB4A2004D9AE7 /* Debug */,
				B7A13A4C20ADB4A2004D9AE7 /* Release */,
			);
			defaultConfigurationIsVisible = 0;
			defaultConfigurationName = Release;
		};
		B7A13A4D20ADB4A2004D9AE7 /* Build configuration list for PBXNativeTarget "ios-sdk-placeline-onboardingTests" */ = {
			isa = XCConfigurationList;
			buildConfigurations = (
				B7A13A4E20ADB4A2004D9AE7 /* Debug */,
				B7A13A4F20ADB4A2004D9AE7 /* Release */,
			);
			defaultConfigurationIsVisible = 0;
			defaultConfigurationName = Release;
		};
		B7A13A5020ADB4A2004D9AE7 /* Build configuration list for PBXNativeTarget "ios-sdk-placeline-onboardingUITests" */ = {
			isa = XCConfigurationList;
			buildConfigurations = (
				B7A13A5120ADB4A2004D9AE7 /* Debug */,
				B7A13A5220ADB4A2004D9AE7 /* Release */,
			);
			defaultConfigurationIsVisible = 0;
			defaultConfigurationName = Release;
		};
/* End XCConfigurationList section */
	};
	rootObject = B7A13A1A20ADB4A0004D9AE7 /* Project object */;
}
