<?xml version="1.0" encoding="UTF-8"?>
<Scheme
   LastUpgradeVersion = "0940"
   version = "1.3">
   <BuildAction
      parallelizeBuildables = "YES"
      buildImplicitDependencies = "YES">
      <BuildActionEntries>
         <BuildActionEntry
            buildForTesting = "YES"
            buildForRunning = "YES"
            buildForProfiling = "YES"
            buildForArchiving = "YES"
            buildForAnalyzing = "YES">
            <BuildableReference
               BuildableIdentifier = "primary"
               BlueprintIdentifier = "B7A13A2120ADB4A0004D9AE7"
               BuildableName = "ios-sdk-placeline-onboarding.app"
               BlueprintName = "ios-sdk-placeline-onboarding"
               ReferencedContainer = "container:ios-sdk-placeline-onboarding.xcodeproj">
            </BuildableReference>
         </BuildActionEntry>
      </BuildActionEntries>
   </BuildAction>
   <TestAction
      buildConfiguration = "Debug"
      selectedDebuggerIdentifier = "Xcode.DebuggerFoundation.Debugger.LLDB"
      selectedLauncherIdentifier = "Xcode.DebuggerFoundation.Launcher.LLDB"
      shouldUseLaunchSchemeArgsEnv = "YES">
      <Testables>
         <TestableReference
            skipped = "NO">
            <BuildableReference
               BuildableIdentifier = "primary"
               BlueprintIdentifier = "B7A13A3520ADB4A2004D9AE7"
               BuildableName = "ios-sdk-placeline-onboardingTests.xctest"
               BlueprintName = "ios-sdk-placeline-onboardingTests"
               ReferencedContainer = "container:ios-sdk-placeline-onboarding.xcodeproj">
            </BuildableReference>
         </TestableReference>
         <TestableReference
            skipped = "NO">
            <BuildableReference
               BuildableIdentifier = "primary"
               BlueprintIdentifier = "B7A13A4020ADB4A2004D9AE7"
               BuildableName = "ios-sdk-placeline-onboardingUITests.xctest"
               BlueprintName = "ios-sdk-placeline-onboardingUITests"
               ReferencedContainer = "container:ios-sdk-placeline-onboarding.xcodeproj">
            </BuildableReference>
         </TestableReference>
      </Testables>
      <MacroExpansion>
         <BuildableReference
            BuildableIdentifier = "primary"
            BlueprintIdentifier = "B7A13A2120ADB4A0004D9AE7"
            BuildableName = "ios-sdk-placeline-onboarding.app"
            BlueprintName = "ios-sdk-placeline-onboarding"
            ReferencedContainer = "container:ios-sdk-placeline-onboarding.xcodeproj">
         </BuildableReference>
      </MacroExpansion>
      <AdditionalOptions>
      </AdditionalOptions>
   </TestAction>
   <LaunchAction
      buildConfiguration = "Debug"
      selectedDebuggerIdentifier = "Xcode.DebuggerFoundation.Debugger.LLDB"
      selectedLauncherIdentifier = "Xcode.DebuggerFoundation.Launcher.LLDB"
      launchStyle = "0"
      useCustomWorkingDirectory = "NO"
      ignoresPersistentStateOnLaunch = "NO"
      debugDocumentVersioning = "YES"
      debugServiceExtension = "internal"
      allowLocationSimulation = "YES">
      <BuildableProductRunnable
         runnableDebuggingMode = "0">
         <BuildableReference
            BuildableIdentifier = "primary"
            BlueprintIdentifier = "B7A13A2120ADB4A0004D9AE7"
            BuildableName = "ios-sdk-placeline-onboarding.app"
            BlueprintName = "ios-sdk-placeline-onboarding"
            ReferencedContainer = "container:ios-sdk-placeline-onboarding.xcodeproj">
         </BuildableReference>
      </BuildableProductRunnable>
      <AdditionalOptions>
      </AdditionalOptions>
   </LaunchAction>
   <ProfileAction
      buildConfiguration = "Release"
      shouldUseLaunchSchemeArgsEnv = "YES"
      savedToolIdentifier = ""
      useCustomWorkingDirectory = "NO"
      debugDocumentVersioning = "YES">
      <BuildableProductRunnable
         runnableDebuggingMode = "0">
         <BuildableReference
            BuildableIdentifier = "primary"
            BlueprintIdentifier = "B7A13A2120ADB4A0004D9AE7"
            BuildableName = "ios-sdk-placeline-onboarding.app"
            BlueprintName = "ios-sdk-placeline-onboarding"
            ReferencedContainer = "container:ios-sdk-placeline-onboarding.xcodeproj">
         </BuildableReference>
      </BuildableProductRunnable>
   </ProfileAction>
   <AnalyzeAction
      buildConfiguration = "Debug">
   </AnalyzeAction>
   <ArchiveAction
      buildConfiguration = "Release"
      revealArchiveInOrganizer = "YES">
   </ArchiveAction>
</Scheme>
